
Microsoft Visual Studio Solution File, Format Version 12.00
# Visual Studio Version 17
VisualStudioVersion = 17.5.33424.131
MinimumVisualStudioVersion = 10.0.40219.1
Project("{FAE04EC0-301F-11D3-BF4B-00C04F79EFBC}") = "IPG203 C2 HW", "IPG203 C2 HW.csproj", "{FE1335F1-7080-414C-8891-3DE360C73AB9}"
EndProject
Global
	GlobalSection(SolutionConfigurationPlatforms) = preSolution
		Debug|Any CPU = Debug|Any CPU
		Release|Any CPU = Release|Any CPU
	EndGlobalSection
	GlobalSection(ProjectConfigurationPlatforms) = postSolution
		{FE1335F1-7080-414C-8891-3DE360C73AB9}.Debug|Any CPU.ActiveCfg = Debug|Any CPU
		{FE1335F1-7080-414C-8891-3DE360C73AB9}.Debug|Any CPU.Build.0 = Debug|Any CPU
		{FE1335F1-7080-414C-8891-3DE360C73AB9}.Release|Any CPU.ActiveCfg = Release|Any CPU
		{FE1335F1-7080-414C-8891-3DE360C73AB9}.Release|Any CPU.Build.0 = Release|Any CPU
	EndGlobalSection
	GlobalSection(SolutionProperties) = preSolution
		HideSolutionNode = FALSE
	EndGlobalSection
	GlobalSection(ExtensibilityGlobals) = postSolution
		SolutionGuid = {70BD335C-32A6-4589-A9B0-48E6F3FF389C}
	EndGlobalSection
EndGlobal
